
Microsoft Visual Studio Solution File, Format Version 12.00
# Visual Studio Version 17
VisualStudioVersion = 17.3.32901.215
MinimumVisualStudioVersion = 10.0.40219.1
Project("{9A19103F-16F7-4668-BE54-9A1E7A4F7556}") = "Laba2_2", "Laba2_2\Laba2_2.csproj", "{07182F5D-32D6-4915-BCD7-DB7D8ABE06BD}"
EndProject
Project("{FAE04EC0-301F-11D3-BF4B-00C04F79EFBC}") = "Laba2_2_2", "Laba2_2_2\Laba2_2_2.csproj", "{8700357E-24DE-49E2-8065-B221E36A4662}"
EndProject
Global
	GlobalSection(SolutionConfigurationPlatforms) = preSolution
		Debug|Any CPU = Debug|Any CPU
		Release|Any CPU = Release|Any CPU
	EndGlobalSection
	GlobalSection(ProjectConfigurationPlatforms) = postSolution
		{07182F5D-32D6-4915-BCD7-DB7D8ABE06BD}.Debug|Any CPU.ActiveCfg = Debug|Any CPU
		{07182F5D-32D6-4915-BCD7-DB7D8ABE06BD}.Debug|Any CPU.Build.0 = Debug|Any CPU
		{07182F5D-32D6-4915-BCD7-DB7D8ABE06BD}.Release|Any CPU.ActiveCfg = Release|Any CPU
		{07182F5D-32D6-4915-BCD7-DB7D8ABE06BD}.Release|Any CPU.Build.0 = Release|Any CPU
		{8700357E-24DE-49E2-8065-B221E36A4662}.Debug|Any CPU.ActiveCfg = Debug|Any CPU
		{8700357E-24DE-49E2-8065-B221E36A4662}.Debug|Any CPU.Build.0 = Debug|Any CPU
		{8700357E-24DE-49E2-8065-B221E36A4662}.Release|Any CPU.ActiveCfg = Release|Any CPU
		{8700357E-24DE-49E2-8065-B221E36A4662}.Release|Any CPU.Build.0 = Release|Any CPU
	EndGlobalSection
	GlobalSection(SolutionProperties) = preSolution
		HideSolutionNode = FALSE
	EndGlobalSection
	GlobalSection(ExtensibilityGlobals) = postSolution
		SolutionGuid = {54C009C5-D99C-4CCE-8EB9-266ACC338470}
	EndGlobalSection
EndGlobal
